
Microsoft Visual Studio Solution File, Format Version 12.00
# Visual Studio Version 16
VisualStudioVersion = 16.0.29709.97
MinimumVisualStudioVersion = 10.0.40219.1
Project("{FAE04EC0-301F-11D3-BF4B-00C04F79EFBC}") = "SoundFontUnpacker", "SoundFontUnpacker\SoundFontUnpacker.csproj", "{BFB14AC0-6C3A-4474-A9D6-65CE40DF5BBB}"
EndProject
Global
	GlobalSection(SolutionConfigurationPlatforms) = preSolution
		Debug|Any CPU = Debug|Any CPU
		Release|Any CPU = Release|Any CPU
	EndGlobalSection
	GlobalSection(ProjectConfigurationPlatforms) = postSolution
		{BFB14AC0-6C3A-4474-A9D6-65CE40DF5BBB}.Debug|Any CPU.ActiveCfg = Debug|Any CPU
		{BFB14AC0-6C3A-4474-A9D6-65CE40DF5BBB}.Debug|Any CPU.Build.0 = Debug|Any CPU
		{BFB14AC0-6C3A-4474-A9D6-65CE40DF5BBB}.Release|Any CPU.ActiveCfg = Release|Any CPU
		{BFB14AC0-6C3A-4474-A9D6-65CE40DF5BBB}.Release|Any CPU.Build.0 = Release|Any CPU
	EndGlobalSection
	GlobalSection(SolutionProperties) = preSolution
		HideSolutionNode = FALSE
	EndGlobalSection
	GlobalSection(ExtensibilityGlobals) = postSolution
		SolutionGuid = {1C44186F-035F-47DE-94B1-AF212FDBDD3F}
	EndGlobalSection
EndGlobal
